
Microsoft Visual Studio Solution File, Format Version 12.00
# Visual Studio Version 17
VisualStudioVersion = 17.8.34330.188
MinimumVisualStudioVersion = 10.0.40219.1
Project("{FAE04EC0-301F-11D3-BF4B-00C04F79EFBC}") = "Muhely_Form", "Muhely_Form\Muhely_Form.csproj", "{6FBDBECC-A16E-4847-9AA0-B29CC7A6B24C}"
EndProject
Global
	GlobalSection(SolutionConfigurationPlatforms) = preSolution
		Debug|Any CPU = Debug|Any CPU
		Release|Any CPU = Release|Any CPU
	EndGlobalSection
	GlobalSection(ProjectConfigurationPlatforms) = postSolution
		{6FBDBECC-A16E-4847-9AA0-B29CC7A6B24C}.Debug|Any CPU.ActiveCfg = Debug|Any CPU
		{6FBDBECC-A16E-4847-9AA0-B29CC7A6B24C}.Debug|Any CPU.Build.0 = Debug|Any CPU
		{6FBDBECC-A16E-4847-9AA0-B29CC7A6B24C}.Release|Any CPU.ActiveCfg = Release|Any CPU
		{6FBDBECC-A16E-4847-9AA0-B29CC7A6B24C}.Release|Any CPU.Build.0 = Release|Any CPU
	EndGlobalSection
	GlobalSection(SolutionProperties) = preSolution
		HideSolutionNode = FALSE
	EndGlobalSection
	GlobalSection(ExtensibilityGlobals) = postSolution
		SolutionGuid = {51FFC79B-644E-4FD7-9C0A-F049DDD7403F}
	EndGlobalSection
EndGlobal
